
Microsoft Visual Studio Solution File, Format Version 12.00
# Visual Studio Version 17
VisualStudioVersion = 17.7.34031.279
MinimumVisualStudioVersion = 10.0.40219.1
Project("{FAE04EC0-301F-11D3-BF4B-00C04F79EFBC}") = "CreditFinder", "CreditFinder\CreditFinder.csproj", "{CF27E230-7AC4-4BEC-85C6-65A9EED7E038}"
EndProject
Global
	GlobalSection(SolutionConfigurationPlatforms) = preSolution
		Debug|Any CPU = Debug|Any CPU
		Release|Any CPU = Release|Any CPU
	EndGlobalSection
	GlobalSection(ProjectConfigurationPlatforms) = postSolution
		{CF27E230-7AC4-4BEC-85C6-65A9EED7E038}.Debug|Any CPU.ActiveCfg = Debug|Any CPU
		{CF27E230-7AC4-4BEC-85C6-65A9EED7E038}.Debug|Any CPU.Build.0 = Debug|Any CPU
		{CF27E230-7AC4-4BEC-85C6-65A9EED7E038}.Release|Any CPU.ActiveCfg = Release|Any CPU
		{CF27E230-7AC4-4BEC-85C6-65A9EED7E038}.Release|Any CPU.Build.0 = Release|Any CPU
	EndGlobalSection
	GlobalSection(SolutionProperties) = preSolution
		HideSolutionNode = FALSE
	EndGlobalSection
	GlobalSection(ExtensibilityGlobals) = postSolution
		SolutionGuid = {49CF40E5-7AB2-4951-83BC-FDEAD251C607}
	EndGlobalSection
EndGlobal
